
Microsoft Visual Studio Solution File, Format Version 12.00
# Visual Studio 15
VisualStudioVersion = 15.0.26124.0
MinimumVisualStudioVersion = 15.0.26124.0
Project("{FAE04EC0-301F-11D3-BF4B-00C04F79EFBC}") = "Calculos", "Calculos\Calculos.csproj", "{BEBA419B-31D0-41DC-892F-7466B515567E}"
EndProject
Project("{FAE04EC0-301F-11D3-BF4B-00C04F79EFBC}") = "Calculos.Tests", "Calculos.Tests\Calculos.Tests.csproj", "{2B270C9C-F266-4745-933E-86B644C78173}"
EndProject
Global
	GlobalSection(SolutionConfigurationPlatforms) = preSolution
		Debug|Any CPU = Debug|Any CPU
		Debug|x64 = Debug|x64
		Debug|x86 = Debug|x86
		Release|Any CPU = Release|Any CPU
		Release|x64 = Release|x64
		Release|x86 = Release|x86
	EndGlobalSection
	GlobalSection(SolutionProperties) = preSolution
		HideSolutionNode = FALSE
	EndGlobalSection
	GlobalSection(ProjectConfigurationPlatforms) = postSolution
		{BEBA419B-31D0-41DC-892F-7466B515567E}.Debug|Any CPU.ActiveCfg = Debug|Any CPU
		{BEBA419B-31D0-41DC-892F-7466B515567E}.Debug|Any CPU.Build.0 = Debug|Any CPU
		{BEBA419B-31D0-41DC-892F-7466B515567E}.Debug|x64.ActiveCfg = Debug|Any CPU
		{BEBA419B-31D0-41DC-892F-7466B515567E}.Debug|x64.Build.0 = Debug|Any CPU
		{BEBA419B-31D0-41DC-892F-7466B515567E}.Debug|x86.ActiveCfg = Debug|Any CPU
		{BEBA419B-31D0-41DC-892F-7466B515567E}.Debug|x86.Build.0 = Debug|Any CPU
		{BEBA419B-31D0-41DC-892F-7466B515567E}.Release|Any CPU.ActiveCfg = Release|Any CPU
		{BEBA419B-31D0-41DC-892F-7466B515567E}.Release|Any CPU.Build.0 = Release|Any CPU
		{BEBA419B-31D0-41DC-892F-7466B515567E}.Release|x64.ActiveCfg = Release|Any CPU
		{BEBA419B-31D0-41DC-892F-7466B515567E}.Release|x64.Build.0 = Release|Any CPU
		{BEBA419B-31D0-41DC-892F-7466B515567E}.Release|x86.ActiveCfg = Release|Any CPU
		{BEBA419B-31D0-41DC-892F-7466B515567E}.Release|x86.Build.0 = Release|Any CPU
		{2B270C9C-F266-4745-933E-86B644C78173}.Debug|Any CPU.ActiveCfg = Debug|Any CPU
		{2B270C9C-F266-4745-933E-86B644C78173}.Debug|Any CPU.Build.0 = Debug|Any CPU
		{2B270C9C-F266-4745-933E-86B644C78173}.Debug|x64.ActiveCfg = Debug|Any CPU
		{2B270C9C-F266-4745-933E-86B644C78173}.Debug|x64.Build.0 = Debug|Any CPU
		{2B270C9C-F266-4745-933E-86B644C78173}.Debug|x86.ActiveCfg = Debug|Any CPU
		{2B270C9C-F266-4745-933E-86B644C78173}.Debug|x86.Build.0 = Debug|Any CPU
		{2B270C9C-F266-4745-933E-86B644C78173}.Release|Any CPU.ActiveCfg = Release|Any CPU
		{2B270C9C-F266-4745-933E-86B644C78173}.Release|Any CPU.Build.0 = Release|Any CPU
		{2B270C9C-F266-4745-933E-86B644C78173}.Release|x64.ActiveCfg = Release|Any CPU
		{2B270C9C-F266-4745-933E-86B644C78173}.Release|x64.Build.0 = Release|Any CPU
		{2B270C9C-F266-4745-933E-86B644C78173}.Release|x86.ActiveCfg = Release|Any CPU
		{2B270C9C-F266-4745-933E-86B644C78173}.Release|x86.Build.0 = Release|Any CPU
	EndGlobalSection
EndGlobal
